
Microsoft Visual Studio Solution File, Format Version 12.00
# Visual Studio Version 17
VisualStudioVersion = 17.11.35208.52
MinimumVisualStudioVersion = 10.0.40219.1
Project("{9A19103F-16F7-4668-BE54-9A1E7A4F7556}") = "CarWebApi", "CarWebApi\CarWebApi.csproj", "{70CA7A63-3C84-42EE-91D9-C50A8BC0B387}"
EndProject
Project("{9A19103F-16F7-4668-BE54-9A1E7A4F7556}") = "Entities", "Entities\Entities.csproj", "{0AA40AB8-100E-486D-BE2B-43FD2F1B32E0}"
EndProject
Project("{9A19103F-16F7-4668-BE54-9A1E7A4F7556}") = "Repositories", "Repositories\Repositories.csproj", "{60DDB00C-47CE-4C1B-8835-DE210D6CBEC9}"
EndProject
Project("{FAE04EC0-301F-11D3-BF4B-00C04F79EFBC}") = "Services", "Services\Services.csproj", "{41F9B57E-04D6-4925-8F28-D7F184D96399}"
EndProject
Project("{FAE04EC0-301F-11D3-BF4B-00C04F79EFBC}") = "Presentation", "Presentation\Presentation.csproj", "{A4C09E23-8497-4A2D-9F14-E26B68807A08}"
EndProject
Global
	GlobalSection(SolutionConfigurationPlatforms) = preSolution
		Debug|Any CPU = Debug|Any CPU
		Release|Any CPU = Release|Any CPU
	EndGlobalSection
	GlobalSection(ProjectConfigurationPlatforms) = postSolution
		{70CA7A63-3C84-42EE-91D9-C50A8BC0B387}.Debug|Any CPU.ActiveCfg = Debug|Any CPU
		{70CA7A63-3C84-42EE-91D9-C50A8BC0B387}.Debug|Any CPU.Build.0 = Debug|Any CPU
		{70CA7A63-3C84-42EE-91D9-C50A8BC0B387}.Release|Any CPU.ActiveCfg = Release|Any CPU
		{70CA7A63-3C84-42EE-91D9-C50A8BC0B387}.Release|Any CPU.Build.0 = Release|Any CPU
		{0AA40AB8-100E-486D-BE2B-43FD2F1B32E0}.Debug|Any CPU.ActiveCfg = Debug|Any CPU
		{0AA40AB8-100E-486D-BE2B-43FD2F1B32E0}.Debug|Any CPU.Build.0 = Debug|Any CPU
		{0AA40AB8-100E-486D-BE2B-43FD2F1B32E0}.Release|Any CPU.ActiveCfg = Release|Any CPU
		{0AA40AB8-100E-486D-BE2B-43FD2F1B32E0}.Release|Any CPU.Build.0 = Release|Any CPU
		{60DDB00C-47CE-4C1B-8835-DE210D6CBEC9}.Debug|Any CPU.ActiveCfg = Debug|Any CPU
		{60DDB00C-47CE-4C1B-8835-DE210D6CBEC9}.Debug|Any CPU.Build.0 = Debug|Any CPU
		{60DDB00C-47CE-4C1B-8835-DE210D6CBEC9}.Release|Any CPU.ActiveCfg = Release|Any CPU
		{60DDB00C-47CE-4C1B-8835-DE210D6CBEC9}.Release|Any CPU.Build.0 = Release|Any CPU
		{41F9B57E-04D6-4925-8F28-D7F184D96399}.Debug|Any CPU.ActiveCfg = Debug|Any CPU
		{41F9B57E-04D6-4925-8F28-D7F184D96399}.Debug|Any CPU.Build.0 = Debug|Any CPU
		{41F9B57E-04D6-4925-8F28-D7F184D96399}.Release|Any CPU.ActiveCfg = Release|Any CPU
		{41F9B57E-04D6-4925-8F28-D7F184D96399}.Release|Any CPU.Build.0 = Release|Any CPU
		{A4C09E23-8497-4A2D-9F14-E26B68807A08}.Debug|Any CPU.ActiveCfg = Debug|Any CPU
		{A4C09E23-8497-4A2D-9F14-E26B68807A08}.Debug|Any CPU.Build.0 = Debug|Any CPU
		{A4C09E23-8497-4A2D-9F14-E26B68807A08}.Release|Any CPU.ActiveCfg = Release|Any CPU
		{A4C09E23-8497-4A2D-9F14-E26B68807A08}.Release|Any CPU.Build.0 = Release|Any CPU
	EndGlobalSection
	GlobalSection(SolutionProperties) = preSolution
		HideSolutionNode = FALSE
	EndGlobalSection
	GlobalSection(ExtensibilityGlobals) = postSolution
		SolutionGuid = {924AEFE4-6B38-4B12-A9EE-74E6240A83C2}
	EndGlobalSection
EndGlobal
